// !$*UTF8*$!
{
	archiveVersion = 1;
	classes = {
	};
	objectVersion = 45;
	objects = {

/* Begin PBXBuildFile section */
		1DDD58160DA1D0A300B32029 /* MainMenu.xib in Resources */ = {isa = PBXBuildFile; fileRef = 1DDD58140DA1D0A300B32029 /* MainMenu.xib */; };
		256AC3DA0F4B6AC300CF3369 /* InFocusControllerAppDelegate.m in Sources */ = {isa = PBXBuildFile; fileRef = 256AC3D90F4B6AC300CF3369 /* InFocusControllerAppDelegate.m */; };
		8D11072B0486CEB800E47090 /* InfoPlist.strings in Resources */ = {isa = PBXBuildFile; fileRef = 089C165CFE840E0CC02AAC07 /* InfoPlist.strings */; };
		8D11072D0486CEB800E47090 /* main.m in Sources */ = {isa = PBXBuildFile; fileRef = 29B97316FDCFA39411CA2CEA /* main.m */; settings = {ATTRIBUTES = (); }; };
		8D11072F0486CEB800E47090 /* Cocoa.framework in Frameworks */ = {isa = PBXBuildFile; fileRef = 1058C7A1FEA54F0111CA2CBB /* Cocoa.framework */; };
		EE749432125CC1A000775357 /* projektors.icns in Resources */ = {isa = PBXBuildFile; fileRef = EE749431125CC1A000775357 /* projektors.icns */; };
		EE749471125CE1F600775357 /* 16_proj.png in Resources */ = {isa = PBXBuildFile; fileRef = EE749470125CE1F600775357 /* 16_proj.png */; };
		EE7494FD125CE6F500775357 /* IOKit.framework in Frameworks */ = {isa = PBXBuildFile; fileRef = EE7494FC125CE6F500775357 /* IOKit.framework */; };
		EE7A68411268D3EE003AC568 /* web.html in Resources */ = {isa = PBXBuildFile; fileRef = EE7A68401268D3EE003AC568 /* web.html */; };
		EE7A687C1268D477003AC568 /* CDataScanner.m in Sources */ = {isa = PBXBuildFile; fileRef = EE7A68651268D477003AC568 /* CDataScanner.m */; };
		EE7A687D1268D477003AC568 /* CDataScanner_Extensions.m in Sources */ = {isa = PBXBuildFile; fileRef = EE7A68681268D477003AC568 /* CDataScanner_Extensions.m */; };
		EE7A687E1268D477003AC568 /* NSCharacterSet_Extensions.m in Sources */ = {isa = PBXBuildFile; fileRef = EE7A686A1268D477003AC568 /* NSCharacterSet_Extensions.m */; };
		EE7A687F1268D477003AC568 /* NSDictionary_JSONExtensions.m in Sources */ = {isa = PBXBuildFile; fileRef = EE7A686C1268D477003AC568 /* NSDictionary_JSONExtensions.m */; };
		EE7A68801268D477003AC568 /* NSScanner_Extensions.m in Sources */ = {isa = PBXBuildFile; fileRef = EE7A686E1268D477003AC568 /* NSScanner_Extensions.m */; };
		EE7A68811268D477003AC568 /* CJSONDeserializer.m in Sources */ = {isa = PBXBuildFile; fileRef = EE7A68711268D477003AC568 /* CJSONDeserializer.m */; };
		EE7A68821268D477003AC568 /* CJSONScanner.m in Sources */ = {isa = PBXBuildFile; fileRef = EE7A68731268D477003AC568 /* CJSONScanner.m */; };
		EE7A68831268D477003AC568 /* CJSONSerializer.m in Sources */ = {isa = PBXBuildFile; fileRef = EE7A68751268D477003AC568 /* CJSONSerializer.m */; };
		EE7A68841268D477003AC568 /* TCPServer.m in Sources */ = {isa = PBXBuildFile; fileRef = EE7A68771268D477003AC568 /* TCPServer.m */; };
		EE7A68851268D477003AC568 /* HTTPServer.m in Sources */ = {isa = PBXBuildFile; fileRef = EE7A68791268D477003AC568 /* HTTPServer.m */; };
		EE7A68861268D477003AC568 /* SimpleHTTPServer.m in Sources */ = {isa = PBXBuildFile; fileRef = EE7A687B1268D477003AC568 /* SimpleHTTPServer.m */; };
		EED2A5A3125E3B1C000F4579 /* AMSerialPort_Deprecated.m in Sources */ = {isa = PBXBuildFile; fileRef = EED2A593125E3B1C000F4579 /* AMSerialPort_Deprecated.m */; };
		EED2A5A4125E3B1C000F4579 /* AMSerialPort.m in Sources */ = {isa = PBXBuildFile; fileRef = EED2A595125E3B1C000F4579 /* AMSerialPort.m */; };
		EED2A5A5125E3B1C000F4579 /* AMSerialPortAdditions.m in Sources */ = {isa = PBXBuildFile; fileRef = EED2A597125E3B1C000F4579 /* AMSerialPortAdditions.m */; };
		EED2A5A6125E3B1C000F4579 /* AMSerialPortList_Deprecated.m in Sources */ = {isa = PBXBuildFile; fileRef = EED2A599125E3B1C000F4579 /* AMSerialPortList_Deprecated.m */; };
		EED2A5A7125E3B1C000F4579 /* AMSerialPortList.m in Sources */ = {isa = PBXBuildFile; fileRef = EED2A59B125E3B1C000F4579 /* AMSerialPortList.m */; };
		EED2A5A8125E3B1C000F4579 /* AMStandardEnumerator.m in Sources */ = {isa = PBXBuildFile; fileRef = EED2A59E125E3B1C000F4579 /* AMStandardEnumerator.m */; };
		EED2A5A9125E3B1C000F4579 /* ProjectorProtocol.m in Sources */ = {isa = PBXBuildFile; fileRef = EED2A5A0125E3B1C000F4579 /* ProjectorProtocol.m */; };
		EED2A5AA125E3B1C000F4579 /* NSStringExtensions.m in Sources */ = {isa = PBXBuildFile; fileRef = EED2A5A2125E3B1C000F4579 /* NSStringExtensions.m */; };
		EED2A632125E428A000F4579 /* 32_proj.png in Resources */ = {isa = PBXBuildFile; fileRef = EED2A631125E428A000F4579 /* 32_proj.png */; };
		EED2A650125E443B000F4579 /* 32_proj_gray.png in Resources */ = {isa = PBXBuildFile; fileRef = EED2A64F125E443B000F4579 /* 32_proj_gray.png */; };
/* End PBXBuildFile section */

/* Begin PBXFileReference section */
		089C165DFE840E0CC02AAC07 /* English */ = {isa = PBXFileReference; fileEncoding = 4; lastKnownFileType = text.plist.strings; name = English; path = English.lproj/InfoPlist.strings; sourceTree = "<group>"; };
		1058C7A1FEA54F0111CA2CBB /* Cocoa.framework */ = {isa = PBXFileReference; lastKnownFileType = wrapper.framework; name = Cocoa.framework; path = /System/Library/Frameworks/Cocoa.framework; sourceTree = "<absolute>"; };
		13E42FB307B3F0F600E4EEF1 /* CoreData.framework */ = {isa = PBXFileReference; lastKnownFileType = wrapper.framework; name = CoreData.framework; path = /System/Library/Frameworks/CoreData.framework; sourceTree = "<absolute>"; };
		1DDD58150DA1D0A300B32029 /* English */ = {isa = PBXFileReference; lastKnownFileType = file.xib; name = English; path = English.lproj/MainMenu.xib; sourceTree = "<group>"; };
		256AC3D80F4B6AC300CF3369 /* InFocusControllerAppDelegate.h */ = {isa = PBXFileReference; fileEncoding = 4; lastKnownFileType = sourcecode.c.h; path = InFocusControllerAppDelegate.h; sourceTree = "<group>"; };
		256AC3D90F4B6AC300CF3369 /* InFocusControllerAppDelegate.m */ = {isa = PBXFileReference; fileEncoding = 4; lastKnownFileType = sourcecode.c.objc; path = InFocusControllerAppDelegate.m; sourceTree = "<group>"; };
		256AC3F00F4B6AF500CF3369 /* InFocusController_Prefix.pch */ = {isa = PBXFileReference; fileEncoding = 4; lastKnownFileType = sourcecode.c.h; path = InFocusController_Prefix.pch; sourceTree = "<group>"; };
		29B97316FDCFA39411CA2CEA /* main.m */ = {isa = PBXFileReference; fileEncoding = 4; lastKnownFileType = sourcecode.c.objc; path = main.m; sourceTree = "<group>"; };
		29B97324FDCFA39411CA2CEA /* AppKit.framework */ = {isa = PBXFileReference; lastKnownFileType = wrapper.framework; name = AppKit.framework; path = /System/Library/Frameworks/AppKit.framework; sourceTree = "<absolute>"; };
		29B97325FDCFA39411CA2CEA /* Foundation.framework */ = {isa = PBXFileReference; lastKnownFileType = wrapper.framework; name = Foundation.framework; path = /System/Library/Frameworks/Foundation.framework; sourceTree = "<absolute>"; };
		8D1107310486CEB800E47090 /* InFocusController-Info.plist */ = {isa = PBXFileReference; fileEncoding = 4; lastKnownFileType = text.plist.xml; path = "InFocusController-Info.plist"; sourceTree = "<group>"; };
		8D1107320486CEB800E47090 /* InFocusController.app */ = {isa = PBXFileReference; explicitFileType = wrapper.application; includeInIndex = 0; path = InFocusController.app; sourceTree = BUILT_PRODUCTS_DIR; };
		EE749431125CC1A000775357 /* projektors.icns */ = {isa = PBXFileReference; lastKnownFileType = image.icns; path = projektors.icns; sourceTree = "<group>"; };
		EE749470125CE1F600775357 /* 16_proj.png */ = {isa = PBXFileReference; lastKnownFileType = image.png; path = 16_proj.png; sourceTree = "<group>"; };
		EE7494FC125CE6F500775357 /* IOKit.framework */ = {isa = PBXFileReference; lastKnownFileType = wrapper.framework; name = IOKit.framework; path = System/Library/Frameworks/IOKit.framework; sourceTree = SDKROOT; };
		EE7A68401268D3EE003AC568 /* web.html */ = {isa = PBXFileReference; fileEncoding = 4; lastKnownFileType = text.html; name = web.html; path = /Users/gazz/Dropbox/Wave/RS232/web.html; sourceTree = "<absolute>"; };
		EE7A68641268D477003AC568 /* CDataScanner.h */ = {isa = PBXFileReference; fileEncoding = 4; lastKnownFileType = sourcecode.c.h; path = CDataScanner.h; sourceTree = "<group>"; };
		EE7A68651268D477003AC568 /* CDataScanner.m */ = {isa = PBXFileReference; fileEncoding = 4; lastKnownFileType = sourcecode.c.objc; path = CDataScanner.m; sourceTree = "<group>"; };
		EE7A68671268D477003AC568 /* CDataScanner_Extensions.h */ = {isa = PBXFileReference; fileEncoding = 4; lastKnownFileType = sourcecode.c.h; path = CDataScanner_Extensions.h; sourceTree = "<group>"; };
		EE7A68681268D477003AC568 /* CDataScanner_Extensions.m */ = {isa = PBXFileReference; fileEncoding = 4; lastKnownFileType = sourcecode.c.objc; path = CDataScanner_Extensions.m; sourceTree = "<group>"; };
		EE7A68691268D477003AC568 /* NSCharacterSet_Extensions.h */ = {isa = PBXFileReference; fileEncoding = 4; lastKnownFileType = sourcecode.c.h; path = NSCharacterSet_Extensions.h; sourceTree = "<group>"; };
		EE7A686A1268D477003AC568 /* NSCharacterSet_Extensions.m */ = {isa = PBXFileReference; fileEncoding = 4; lastKnownFileType = sourcecode.c.objc; path = NSCharacterSet_Extensions.m; sourceTree = "<group>"; };
		EE7A686B1268D477003AC568 /* NSDictionary_JSONExtensions.h */ = {isa = PBXFileReference; fileEncoding = 4; lastKnownFileType = sourcecode.c.h; path = NSDictionary_JSONExtensions.h; sourceTree = "<group>"; };
		EE7A686C1268D477003AC568 /* NSDictionary_JSONExtensions.m */ = {isa = PBXFileReference; fileEncoding = 4; lastKnownFileType = sourcecode.c.objc; path = NSDictionary_JSONExtensions.m; sourceTree = "<group>"; };
		EE7A686D1268D477003AC568 /* NSScanner_Extensions.h */ = {isa = PBXFileReference; fileEncoding = 4; lastKnownFileType = sourcecode.c.h; path = NSScanner_Extensions.h; sourceTree = "<group>"; };
		EE7A686E1268D477003AC568 /* NSScanner_Extensions.m */ = {isa = PBXFileReference; fileEncoding = 4; lastKnownFileType = sourcecode.c.objc; path = NSScanner_Extensions.m; sourceTree = "<group>"; };
		EE7A68701268D477003AC568 /* CJSONDeserializer.h */ = {isa = PBXFileReference; fileEncoding = 4; lastKnownFileType = sourcecode.c.h; path = CJSONDeserializer.h; sourceTree = "<group>"; };
		EE7A68711268D477003AC568 /* CJSONDeserializer.m */ = {isa = PBXFileReference; fileEncoding = 4; lastKnownFileType = sourcecode.c.objc; path = CJSONDeserializer.m; sourceTree = "<group>"; };
		EE7A68721268D477003AC568 /* CJSONScanner.h */ = {isa = PBXFileReference; fileEncoding = 4; lastKnownFileType = sourcecode.c.h; path = CJSONScanner.h; sourceTree = "<group>"; };
		EE7A68731268D477003AC568 /* CJSONScanner.m */ = {isa = PBXFileReference; fileEncoding = 4; lastKnownFileType = sourcecode.c.objc; path = CJSONScanner.m; sourceTree = "<group>"; };
		EE7A68741268D477003AC568 /* CJSONSerializer.h */ = {isa = PBXFileReference; fileEncoding = 4; lastKnownFileType = sourcecode.c.h; path = CJSONSerializer.h; sourceTree = "<group>"; };
		EE7A68751268D477003AC568 /* CJSONSerializer.m */ = {isa = PBXFileReference; fileEncoding = 4; lastKnownFileType = sourcecode.c.objc; path = CJSONSerializer.m; sourceTree = "<group>"; };
		EE7A68761268D477003AC568 /* TCPServer.h */ = {isa = PBXFileReference; fileEncoding = 4; lastKnownFileType = sourcecode.c.h; path = TCPServer.h; sourceTree = "<group>"; };
		EE7A68771268D477003AC568 /* TCPServer.m */ = {isa = PBXFileReference; fileEncoding = 4; lastKnownFileType = sourcecode.c.objc; path = TCPServer.m; sourceTree = "<group>"; };
		EE7A68781268D477003AC568 /* HTTPServer.h */ = {isa = PBXFileReference; fileEncoding = 4; lastKnownFileType = sourcecode.c.h; path = HTTPServer.h; sourceTree = "<group>"; };
		EE7A68791268D477003AC568 /* HTTPServer.m */ = {isa = PBXFileReference; fileEncoding = 4; lastKnownFileType = sourcecode.c.objc; path = HTTPServer.m; sourceTree = "<group>"; };
		EE7A687A1268D477003AC568 /* SimpleHTTPServer.h */ = {isa = PBXFileReference; fileEncoding = 4; lastKnownFileType = sourcecode.c.h; path = SimpleHTTPServer.h; sourceTree = "<group>"; };
		EE7A687B1268D477003AC568 /* SimpleHTTPServer.m */ = {isa = PBXFileReference; fileEncoding = 4; lastKnownFileType = sourcecode.c.objc; path = SimpleHTTPServer.m; sourceTree = "<group>"; };
		EED2A591125E3B1C000F4579 /* AMSerialErrors.h */ = {isa = PBXFileReference; fileEncoding = 4; lastKnownFileType = sourcecode.c.h; path = AMSerialErrors.h; sourceTree = "<group>"; };
		EED2A592125E3B1C000F4579 /* AMSerialPort_Deprecated.h */ = {isa = PBXFileReference; fileEncoding = 4; lastKnownFileType = sourcecode.c.h; path = AMSerialPort_Deprecated.h; sourceTree = "<group>"; };
		EED2A593125E3B1C000F4579 /* AMSerialPort_Deprecated.m */ = {isa = PBXFileReference; fileEncoding = 4; lastKnownFileType = sourcecode.c.objc; path = AMSerialPort_Deprecated.m; sourceTree = "<group>"; };
		EED2A594125E3B1C000F4579 /* AMSerialPort.h */ = {isa = PBXFileReference; fileEncoding = 4; lastKnownFileType = sourcecode.c.h; path = AMSerialPort.h; sourceTree = "<group>"; };
		EED2A595125E3B1C000F4579 /* AMSerialPort.m */ = {isa = PBXFileReference; fileEncoding = 4; lastKnownFileType = sourcecode.c.objc; path = AMSerialPort.m; sourceTree = "<group>"; };
		EED2A596125E3B1C000F4579 /* AMSerialPortAdditions.h */ = {isa = PBXFileReference; fileEncoding = 4; lastKnownFileType = sourcecode.c.h; path = AMSerialPortAdditions.h; sourceTree = "<group>"; };
		EED2A597125E3B1C000F4579 /* AMSerialPortAdditions.m */ = {isa = PBXFileReference; fileEncoding = 4; lastKnownFileType = sourcecode.c.objc; path = AMSerialPortAdditions.m; sourceTree = "<group>"; };
		EED2A598125E3B1C000F4579 /* AMSerialPortList_Deprecated.h */ = {isa = PBXFileReference; fileEncoding = 4; lastKnownFileType = sourcecode.c.h; path = AMSerialPortList_Deprecated.h; sourceTree = "<group>"; };
		EED2A599125E3B1C000F4579 /* AMSerialPortList_Deprecated.m */ = {isa = PBXFileReference; fileEncoding = 4; lastKnownFileType = sourcecode.c.objc; path = AMSerialPortList_Deprecated.m; sourceTree = "<group>"; };
		EED2A59A125E3B1C000F4579 /* AMSerialPortList.h */ = {isa = PBXFileReference; fileEncoding = 4; lastKnownFileType = sourcecode.c.h; path = AMSerialPortList.h; sourceTree = "<group>"; };
		EED2A59B125E3B1C000F4579 /* AMSerialPortList.m */ = {isa = PBXFileReference; fileEncoding = 4; lastKnownFileType = sourcecode.c.objc; path = AMSerialPortList.m; sourceTree = "<group>"; };
		EED2A59C125E3B1C000F4579 /* AMSDKCompatibility.h */ = {isa = PBXFileReference; fileEncoding = 4; lastKnownFileType = sourcecode.c.h; path = AMSDKCompatibility.h; sourceTree = "<group>"; };
		EED2A59D125E3B1C000F4579 /* AMStandardEnumerator.h */ = {isa = PBXFileReference; fileEncoding = 4; lastKnownFileType = sourcecode.c.h; path = AMStandardEnumerator.h; sourceTree = "<group>"; };
		EED2A59E125E3B1C000F4579 /* AMStandardEnumerator.m */ = {isa = PBXFileReference; fileEncoding = 4; lastKnownFileType = sourcecode.c.objc; path = AMStandardEnumerator.m; sourceTree = "<group>"; };
		EED2A59F125E3B1C000F4579 /* ProjectorProtocol.h */ = {isa = PBXFileReference; fileEncoding = 4; lastKnownFileType = sourcecode.c.h; path = ProjectorProtocol.h; sourceTree = "<group>"; };
		EED2A5A0125E3B1C000F4579 /* ProjectorProtocol.m */ = {isa = PBXFileReference; fileEncoding = 4; lastKnownFileType = sourcecode.c.objc; path = ProjectorProtocol.m; sourceTree = "<group>"; };
		EED2A5A1125E3B1C000F4579 /* NSStringExtensions.h */ = {isa = PBXFileReference; fileEncoding = 4; lastKnownFileType = sourcecode.c.h; path = NSStringExtensions.h; sourceTree = "<group>"; };
		EED2A5A2125E3B1C000F4579 /* NSStringExtensions.m */ = {isa = PBXFileReference; fileEncoding = 4; lastKnownFileType = sourcecode.c.objc; path = NSStringExtensions.m; sourceTree = "<group>"; };
		EED2A631125E428A000F4579 /* 32_proj.png */ = {isa = PBXFileReference; lastKnownFileType = image.png; path = 32_proj.png; sourceTree = "<group>"; };
		EED2A64F125E443B000F4579 /* 32_proj_gray.png */ = {isa = PBXFileReference; lastKnownFileType = image.png; path = 32_proj_gray.png; sourceTree = "<group>"; };
/* End PBXFileReference section */

/* Begin PBXFrameworksBuildPhase section */
		8D11072E0486CEB800E47090 /* Frameworks */ = {
			isa = PBXFrameworksBuildPhase;
			buildActionMask = 2147483647;
			files = (
				8D11072F0486CEB800E47090 /* Cocoa.framework in Frameworks */,
				EE7494FD125CE6F500775357 /* IOKit.framework in Frameworks */,
			);
			runOnlyForDeploymentPostprocessing = 0;
		};
/* End PBXFrameworksBuildPhase section */

/* Begin PBXGroup section */
		080E96DDFE201D6D7F000001 /* Classes */ = {
			isa = PBXGroup;
			children = (
				EE7A684D1268D45B003AC568 /* HTTPServer */,
				EED2A58F125E3B1C000F4579 /* Protocol */,
				256AC3D80F4B6AC300CF3369 /* InFocusControllerAppDelegate.h */,
				256AC3D90F4B6AC300CF3369 /* InFocusControllerAppDelegate.m */,
			);
			name = Classes;
			sourceTree = "<group>";
		};
		1058C7A0FEA54F0111CA2CBB /* Linked Frameworks */ = {
			isa = PBXGroup;
			children = (
				1058C7A1FEA54F0111CA2CBB /* Cocoa.framework */,
				EE7494FC125CE6F500775357 /* IOKit.framework */,
			);
			name = "Linked Frameworks";
			sourceTree = "<group>";
		};
		1058C7A2FEA54F0111CA2CBB /* Other Frameworks */ = {
			isa = PBXGroup;
			children = (
				29B97324FDCFA39411CA2CEA /* AppKit.framework */,
				13E42FB307B3F0F600E4EEF1 /* CoreData.framework */,
				29B97325FDCFA39411CA2CEA /* Foundation.framework */,
			);
			name = "Other Frameworks";
			sourceTree = "<group>";
		};
		19C28FACFE9D520D11CA2CBB /* Products */ = {
			isa = PBXGroup;
			children = (
				8D1107320486CEB800E47090 /* InFocusController.app */,
			);
			name = Products;
			sourceTree = "<group>";
		};
		29B97314FDCFA39411CA2CEA /* InFocusController */ = {
			isa = PBXGroup;
			children = (
				080E96DDFE201D6D7F000001 /* Classes */,
				29B97315FDCFA39411CA2CEA /* Other Sources */,
				29B97317FDCFA39411CA2CEA /* Resources */,
				29B97323FDCFA39411CA2CEA /* Frameworks */,
				19C28FACFE9D520D11CA2CBB /* Products */,
			);
			name = InFocusController;
			sourceTree = "<group>";
		};
		29B97315FDCFA39411CA2CEA /* Other Sources */ = {
			isa = PBXGroup;
			children = (
				256AC3F00F4B6AF500CF3369 /* InFocusController_Prefix.pch */,
				29B97316FDCFA39411CA2CEA /* main.m */,
			);
			name = "Other Sources";
			sourceTree = "<group>";
		};
		29B97317FDCFA39411CA2CEA /* Resources */ = {
			isa = PBXGroup;
			children = (
				EE7A68401268D3EE003AC568 /* web.html */,
				EED2A64F125E443B000F4579 /* 32_proj_gray.png */,
				EED2A631125E428A000F4579 /* 32_proj.png */,
				EE749470125CE1F600775357 /* 16_proj.png */,
				EE749431125CC1A000775357 /* projektors.icns */,
				8D1107310486CEB800E47090 /* InFocusController-Info.plist */,
				089C165CFE840E0CC02AAC07 /* InfoPlist.strings */,
				1DDD58140DA1D0A300B32029 /* MainMenu.xib */,
			);
			name = Resources;
			sourceTree = "<group>";
		};
		29B97323FDCFA39411CA2CEA /* Frameworks */ = {
			isa = PBXGroup;
			children = (
				1058C7A0FEA54F0111CA2CBB /* Linked Frameworks */,
				1058C7A2FEA54F0111CA2CBB /* Other Frameworks */,
			);
			name = Frameworks;
			sourceTree = "<group>";
		};
		EE7A684D1268D45B003AC568 /* HTTPServer */ = {
			isa = PBXGroup;
			children = (
				EE7A68631268D477003AC568 /* TouchJSON */,
				EE7A68761268D477003AC568 /* TCPServer.h */,
				EE7A68771268D477003AC568 /* TCPServer.m */,
				EE7A68781268D477003AC568 /* HTTPServer.h */,
				EE7A68791268D477003AC568 /* HTTPServer.m */,
				EE7A687A1268D477003AC568 /* SimpleHTTPServer.h */,
				EE7A687B1268D477003AC568 /* SimpleHTTPServer.m */,
			);
			name = HTTPServer;
			sourceTree = "<group>";
		};
		EE7A68631268D477003AC568 /* TouchJSON */ = {
			isa = PBXGroup;
			children = (
				EE7A68641268D477003AC568 /* CDataScanner.h */,
				EE7A68651268D477003AC568 /* CDataScanner.m */,
				EE7A68661268D477003AC568 /* Extensions */,
				EE7A686F1268D477003AC568 /* JSON */,
			);
			path = TouchJSON;
			sourceTree = "<group>";
		};
		EE7A68661268D477003AC568 /* Extensions */ = {
			isa = PBXGroup;
			children = (
				EE7A68671268D477003AC568 /* CDataScanner_Extensions.h */,
				EE7A68681268D477003AC568 /* CDataScanner_Extensions.m */,
				EE7A68691268D477003AC568 /* NSCharacterSet_Extensions.h */,
				EE7A686A1268D477003AC568 /* NSCharacterSet_Extensions.m */,
				EE7A686B1268D477003AC568 /* NSDictionary_JSONExtensions.h */,
				EE7A686C1268D477003AC568 /* NSDictionary_JSONExtensions.m */,
				EE7A686D1268D477003AC568 /* NSScanner_Extensions.h */,
				EE7A686E1268D477003AC568 /* NSScanner_Extensions.m */,
			);
			path = Extensions;
			sourceTree = "<group>";
		};
		EE7A686F1268D477003AC568 /* JSON */ = {
			isa = PBXGroup;
			children = (
				EE7A68701268D477003AC568 /* CJSONDeserializer.h */,
				EE7A68711268D477003AC568 /* CJSONDeserializer.m */,
				EE7A68721268D477003AC568 /* CJSONScanner.h */,
				EE7A68731268D477003AC568 /* CJSONScanner.m */,
				EE7A68741268D477003AC568 /* CJSONSerializer.h */,
				EE7A68751268D477003AC568 /* CJSONSerializer.m */,
			);
			path = JSON;
			sourceTree = "<group>";
		};
		EED2A58F125E3B1C000F4579 /* Protocol */ = {
			isa = PBXGroup;
			children = (
				EED2A590125E3B1C000F4579 /* AMSerialPort */,
				EED2A59F125E3B1C000F4579 /* ProjectorProtocol.h */,
				EED2A5A0125E3B1C000F4579 /* ProjectorProtocol.m */,
				EED2A5A1125E3B1C000F4579 /* NSStringExtensions.h */,
				EED2A5A2125E3B1C000F4579 /* NSStringExtensions.m */,
			);
			name = Protocol;
			sourceTree = "<group>";
		};
		EED2A590125E3B1C000F4579 /* AMSerialPort */ = {
			isa = PBXGroup;
			children = (
				EED2A591125E3B1C000F4579 /* AMSerialErrors.h */,
				EED2A592125E3B1C000F4579 /* AMSerialPort_Deprecated.h */,
				EED2A593125E3B1C000F4579 /* AMSerialPort_Deprecated.m */,
				EED2A594125E3B1C000F4579 /* AMSerialPort.h */,
				EED2A595125E3B1C000F4579 /* AMSerialPort.m */,
				EED2A596125E3B1C000F4579 /* AMSerialPortAdditions.h */,
				EED2A597125E3B1C000F4579 /* AMSerialPortAdditions.m */,
				EED2A598125E3B1C000F4579 /* AMSerialPortList_Deprecated.h */,
				EED2A599125E3B1C000F4579 /* AMSerialPortList_Deprecated.m */,
				EED2A59A125E3B1C000F4579 /* AMSerialPortList.h */,
				EED2A59B125E3B1C000F4579 /* AMSerialPortList.m */,
				EED2A59C125E3B1C000F4579 /* AMSDKCompatibility.h */,
				EED2A59D125E3B1C000F4579 /* AMStandardEnumerator.h */,
				EED2A59E125E3B1C000F4579 /* AMStandardEnumerator.m */,
			);
			name = AMSerialPort;
			sourceTree = "<group>";
		};
/* End PBXGroup section */

/* Begin PBXNativeTarget section */
		8D1107260486CEB800E47090 /* InFocusController */ = {
			isa = PBXNativeTarget;
			buildConfigurationList = C01FCF4A08A954540054247B /* Build configuration list for PBXNativeTarget "InFocusController" */;
			buildPhases = (
				8D1107290486CEB800E47090 /* Resources */,
				8D11072C0486CEB800E47090 /* Sources */,
				8D11072E0486CEB800E47090 /* Frameworks */,
			);
			buildRules = (
			);
			dependencies = (
			);
			name = InFocusController;
			productInstallPath = "$(HOME)/Applications";
			productName = InFocusController;
			productReference = 8D1107320486CEB800E47090 /* InFocusController.app */;
			productType = "com.apple.product-type.application";
		};
/* End PBXNativeTarget section */

/* Begin PBXProject section */
		29B97313FDCFA39411CA2CEA /* Project object */ = {
			isa = PBXProject;
			buildConfigurationList = C01FCF4E08A954540054247B /* Build configuration list for PBXProject "InFocusController" */;
			compatibilityVersion = "Xcode 3.1";
			hasScannedForEncodings = 1;
			mainGroup = 29B97314FDCFA39411CA2CEA /* InFocusController */;
			projectDirPath = "";
			projectRoot = "";
			targets = (
				8D1107260486CEB800E47090 /* InFocusController */,
			);
		};
/* End PBXProject section */

/* Begin PBXResourcesBuildPhase section */
		8D1107290486CEB800E47090 /* Resources */ = {
			isa = PBXResourcesBuildPhase;
			buildActionMask = 2147483647;
			files = (
				8D11072B0486CEB800E47090 /* InfoPlist.strings in Resources */,
				1DDD58160DA1D0A300B32029 /* MainMenu.xib in Resources */,
				EE749432125CC1A000775357 /* projektors.icns in Resources */,
				EE749471125CE1F600775357 /* 16_proj.png in Resources */,
				EED2A632125E428A000F4579 /* 32_proj.png in Resources */,
				EED2A650125E443B000F4579 /* 32_proj_gray.png in Resources */,
				EE7A68411268D3EE003AC568 /* web.html in Resources */,
			);
			runOnlyForDeploymentPostprocessing = 0;
		};
/* End PBXResourcesBuildPhase section */

/* Begin PBXSourcesBuildPhase section */
		8D11072C0486CEB800E47090 /* Sources */ = {
			isa = PBXSourcesBuildPhase;
			buildActionMask = 2147483647;
			files = (
				8D11072D0486CEB800E47090 /* main.m in Sources */,
				256AC3DA0F4B6AC300CF3369 /* InFocusControllerAppDelegate.m in Sources */,
				EED2A5A3125E3B1C000F4579 /* AMSerialPort_Deprecated.m in Sources */,
				EED2A5A4125E3B1C000F4579 /* AMSerialPort.m in Sources */,
				EED2A5A5125E3B1C000F4579 /* AMSerialPortAdditions.m in Sources */,
				EED2A5A6125E3B1C000F4579 /* AMSerialPortList_Deprecated.m in Sources */,
				EED2A5A7125E3B1C000F4579 /* AMSerialPortList.m in Sources */,
				EED2A5A8125E3B1C000F4579 /* AMStandardEnumerator.m in Sources */,
				EED2A5A9125E3B1C000F4579 /* ProjectorProtocol.m in Sources */,
				EED2A5AA125E3B1C000F4579 /* NSStringExtensions.m in Sources */,
				EE7A687C1268D477003AC568 /* CDataScanner.m in Sources */,
				EE7A687D1268D477003AC568 /* CDataScanner_Extensions.m in Sources */,
				EE7A687E1268D477003AC568 /* NSCharacterSet_Extensions.m in Sources */,
				EE7A687F1268D477003AC568 /* NSDictionary_JSONExtensions.m in Sources */,
				EE7A68801268D477003AC568 /* NSScanner_Extensions.m in Sources */,
				EE7A68811268D477003AC568 /* CJSONDeserializer.m in Sources */,
				EE7A68821268D477003AC568 /* CJSONScanner.m in Sources */,
				EE7A68831268D477003AC568 /* CJSONSerializer.m in Sources */,
				EE7A68841268D477003AC568 /* TCPServer.m in Sources */,
				EE7A68851268D477003AC568 /* HTTPServer.m in Sources */,
				EE7A68861268D477003AC568 /* SimpleHTTPServer.m in Sources */,
			);
			runOnlyForDeploymentPostprocessing = 0;
		};
/* End PBXSourcesBuildPhase section */

/* Begin PBXVariantGroup section */
		089C165CFE840E0CC02AAC07 /* InfoPlist.strings */ = {
			isa = PBXVariantGroup;
			children = (
				089C165DFE840E0CC02AAC07 /* English */,
			);
			name = InfoPlist.strings;
			sourceTree = "<group>";
		};
		1DDD58140DA1D0A300B32029 /* MainMenu.xib */ = {
			isa = PBXVariantGroup;
			children = (
				1DDD58150DA1D0A300B32029 /* English */,
			);
			name = MainMenu.xib;
			sourceTree = "<group>";
		};
/* End PBXVariantGroup section */

/* Begin XCBuildConfiguration section */
		C01FCF4B08A954540054247B /* Debug */ = {
			isa = XCBuildConfiguration;
			buildSettings = {
				ALWAYS_SEARCH_USER_PATHS = NO;
				COPY_PHASE_STRIP = NO;
				GCC_DYNAMIC_NO_PIC = NO;
				GCC_ENABLE_FIX_AND_CONTINUE = YES;
				GCC_MODEL_TUNING = G5;
				GCC_OPTIMIZATION_LEVEL = 0;
				GCC_PRECOMPILE_PREFIX_HEADER = YES;
				GCC_PREFIX_HEADER = InFocusController_Prefix.pch;
				INFOPLIST_FILE = "InFocusController-Info.plist";
				INSTALL_PATH = "$(HOME)/Applications";
				PRODUCT_NAME = InFocusController;
			};
			name = Debug;
		};
		C01FCF4C08A954540054247B /* Release */ = {
			isa = XCBuildConfiguration;
			buildSettings = {
				ALWAYS_SEARCH_USER_PATHS = NO;
				DEBUG_INFORMATION_FORMAT = "dwarf-with-dsym";
				GCC_MODEL_TUNING = G5;
				GCC_PRECOMPILE_PREFIX_HEADER = YES;
				GCC_PREFIX_HEADER = InFocusController_Prefix.pch;
				INFOPLIST_FILE = "InFocusController-Info.plist";
				INSTALL_PATH = "$(HOME)/Applications";
				PRODUCT_NAME = InFocusController;
			};
			name = Release;
		};
		C01FCF4F08A954540054247B /* Debug */ = {
			isa = XCBuildConfiguration;
			buildSettings = {
				ARCHS = "$(ARCHS_STANDARD_32_64_BIT)";
				GCC_C_LANGUAGE_STANDARD = gnu99;
				GCC_OPTIMIZATION_LEVEL = 0;
				GCC_WARN_ABOUT_RETURN_TYPE = YES;
				GCC_WARN_UNUSED_VARIABLE = YES;
				ONLY_ACTIVE_ARCH = YES;
				PREBINDING = NO;
				SDKROOT = macosx10.6;
			};
			name = Debug;
		};
		C01FCF5008A954540054247B /* Release */ = {
			isa = XCBuildConfiguration;
			buildSettings = {
				ARCHS = "$(ARCHS_STANDARD_32_64_BIT)";
				GCC_C_LANGUAGE_STANDARD = gnu99;
				GCC_WARN_ABOUT_RETURN_TYPE = YES;
				GCC_WARN_UNUSED_VARIABLE = YES;
				PREBINDING = NO;
				SDKROOT = macosx10.6;
			};
			name = Release;
		};
/* End XCBuildConfiguration section */

/* Begin XCConfigurationList section */
		C01FCF4A08A954540054247B /* Build configuration list for PBXNativeTarget "InFocusController" */ = {
			isa = XCConfigurationList;
			buildConfigurations = (
				C01FCF4B08A954540054247B /* Debug */,
				C01FCF4C08A954540054247B /* Release */,
			);
			defaultConfigurationIsVisible = 0;
			defaultConfigurationName = Release;
		};
		C01FCF4E08A954540054247B /* Build configuration list for PBXProject "InFocusController" */ = {
			isa = XCConfigurationList;
			buildConfigurations = (
				C01FCF4F08A954540054247B /* Debug */,
				C01FCF5008A954540054247B /* Release */,
			);
			defaultConfigurationIsVisible = 0;
			defaultConfigurationName = Release;
		};
/* End XCConfigurationList section */
	};
	rootObject = 29B97313FDCFA39411CA2CEA /* Project object */;
}
